
Microsoft Visual Studio Solution File, Format Version 12.00
# Visual Studio Version 16
VisualStudioVersion = 16.0.32228.343
MinimumVisualStudioVersion = 10.0.40219.1
Project("{FAE04EC0-301F-11D3-BF4B-00C04F79EFBC}") = "Case.API", "MovieAPI CaseStudy\Case.API.csproj", "{F49AB1D2-175D-430C-9DF3-22A915C8ADF8}"
EndProject
Project("{FAE04EC0-301F-11D3-BF4B-00C04F79EFBC}") = "Case.Data", "Data\Case.Data.csproj", "{F2CB0F19-CF16-4456-ADC9-8F9ABFE1E2B0}"
EndProject
Project("{FAE04EC0-301F-11D3-BF4B-00C04F79EFBC}") = "Case.Core", "Case.Core\Case.Core.csproj", "{F06DE703-99BD-4958-88FE-7D332DFC65C6}"
EndProject
Project("{FAE04EC0-301F-11D3-BF4B-00C04F79EFBC}") = "Case.Common", "Case.Common\Case.Common.csproj", "{9640C669-43DD-443B-856D-3D4CDF62C50B}"
EndProject
Project("{FAE04EC0-301F-11D3-BF4B-00C04F79EFBC}") = "Case.WebApiCaller", "Case.WebApiCaller\Case.WebApiCaller.csproj", "{D7032F28-896A-4969-9D9B-754331A80F45}"
EndProject
Global
	GlobalSection(SolutionConfigurationPlatforms) = preSolution
		Debug|Any CPU = Debug|Any CPU
		Release|Any CPU = Release|Any CPU
	EndGlobalSection
	GlobalSection(ProjectConfigurationPlatforms) = postSolution
		{F49AB1D2-175D-430C-9DF3-22A915C8ADF8}.Debug|Any CPU.ActiveCfg = Debug|Any CPU
		{F49AB1D2-175D-430C-9DF3-22A915C8ADF8}.Debug|Any CPU.Build.0 = Debug|Any CPU
		{F49AB1D2-175D-430C-9DF3-22A915C8ADF8}.Release|Any CPU.ActiveCfg = Release|Any CPU
		{F49AB1D2-175D-430C-9DF3-22A915C8ADF8}.Release|Any CPU.Build.0 = Release|Any CPU
		{F2CB0F19-CF16-4456-ADC9-8F9ABFE1E2B0}.Debug|Any CPU.ActiveCfg = Debug|Any CPU
		{F2CB0F19-CF16-4456-ADC9-8F9ABFE1E2B0}.Debug|Any CPU.Build.0 = Debug|Any CPU
		{F2CB0F19-CF16-4456-ADC9-8F9ABFE1E2B0}.Release|Any CPU.ActiveCfg = Release|Any CPU
		{F2CB0F19-CF16-4456-ADC9-8F9ABFE1E2B0}.Release|Any CPU.Build.0 = Release|Any CPU
		{F06DE703-99BD-4958-88FE-7D332DFC65C6}.Debug|Any CPU.ActiveCfg = Debug|Any CPU
		{F06DE703-99BD-4958-88FE-7D332DFC65C6}.Debug|Any CPU.Build.0 = Debug|Any CPU
		{F06DE703-99BD-4958-88FE-7D332DFC65C6}.Release|Any CPU.ActiveCfg = Release|Any CPU
		{F06DE703-99BD-4958-88FE-7D332DFC65C6}.Release|Any CPU.Build.0 = Release|Any CPU
		{9640C669-43DD-443B-856D-3D4CDF62C50B}.Debug|Any CPU.ActiveCfg = Debug|Any CPU
		{9640C669-43DD-443B-856D-3D4CDF62C50B}.Debug|Any CPU.Build.0 = Debug|Any CPU
		{9640C669-43DD-443B-856D-3D4CDF62C50B}.Release|Any CPU.ActiveCfg = Release|Any CPU
		{9640C669-43DD-443B-856D-3D4CDF62C50B}.Release|Any CPU.Build.0 = Release|Any CPU
		{D7032F28-896A-4969-9D9B-754331A80F45}.Debug|Any CPU.ActiveCfg = Debug|Any CPU
		{D7032F28-896A-4969-9D9B-754331A80F45}.Debug|Any CPU.Build.0 = Debug|Any CPU
		{D7032F28-896A-4969-9D9B-754331A80F45}.Release|Any CPU.ActiveCfg = Release|Any CPU
		{D7032F28-896A-4969-9D9B-754331A80F45}.Release|Any CPU.Build.0 = Release|Any CPU
	EndGlobalSection
	GlobalSection(SolutionProperties) = preSolution
		HideSolutionNode = FALSE
	EndGlobalSection
	GlobalSection(ExtensibilityGlobals) = postSolution
		SolutionGuid = {663838DC-A980-427E-902B-051F44C155A8}
	EndGlobalSection
EndGlobal
